
Microsoft Visual Studio Solution File, Format Version 12.00
# Visual Studio Version 17
VisualStudioVersion = 17.5.33516.290
MinimumVisualStudioVersion = 10.0.40219.1
Project("{8BC9CEB8-8B4A-11D0-8D11-00A0C91BC942}") = "GoodDog", "GoodDog\GoodDog.vcxproj", "{3C0CC8D8-BBE8-4240-AB30-4AC4515773FC}"
EndProject
Global
	GlobalSection(SolutionConfigurationPlatforms) = preSolution
		Debug|x64 = Debug|x64
		Debug|x86 = Debug|x86
		Release|x64 = Release|x64
		Release|x86 = Release|x86
	EndGlobalSection
	GlobalSection(ProjectConfigurationPlatforms) = postSolution
		{3C0CC8D8-BBE8-4240-AB30-4AC4515773FC}.Debug|x64.ActiveCfg = Debug|x64
		{3C0CC8D8-BBE8-4240-AB30-4AC4515773FC}.Debug|x64.Build.0 = Debug|x64
		{3C0CC8D8-BBE8-4240-AB30-4AC4515773FC}.Debug|x86.ActiveCfg = Debug|Win32
		{3C0CC8D8-BBE8-4240-AB30-4AC4515773FC}.Debug|x86.Build.0 = Debug|Win32
		{3C0CC8D8-BBE8-4240-AB30-4AC4515773FC}.Release|x64.ActiveCfg = Release|x64
		{3C0CC8D8-BBE8-4240-AB30-4AC4515773FC}.Release|x64.Build.0 = Release|x64
		{3C0CC8D8-BBE8-4240-AB30-4AC4515773FC}.Release|x86.ActiveCfg = Release|Win32
		{3C0CC8D8-BBE8-4240-AB30-4AC4515773FC}.Release|x86.Build.0 = Release|Win32
	EndGlobalSection
	GlobalSection(SolutionProperties) = preSolution
		HideSolutionNode = FALSE
	EndGlobalSection
	GlobalSection(ExtensibilityGlobals) = postSolution
		SolutionGuid = {E3BDE764-847D-4A95-BDD0-97B8B52B37D2}
	EndGlobalSection
EndGlobal
